// !$*UTF8*$!
{
	archiveVersion = 1;
	classes = {
	};
	objectVersion = 77;
	objects = {

/* Begin PBXBuildFile section */
		3C643F8E2DF7299B0027152B /* FirebaseCore in Frameworks */ = {isa = PBXBuildFile; productRef = 3C643F8D2DF7299B0027152B /* FirebaseCore */; };
		3C643F902DF72A030027152B /* FirebaseFirestore in Frameworks */ = {isa = PBXBuildFile; productRef = 3C643F8F2DF72A030027152B /* FirebaseFirestore */; };
		3C643F922DF72A030027152B /* FirebaseFirestoreCombine-Community in Frameworks */ = {isa = PBXBuildFile; productRef = 3C643F912DF72A030027152B /* FirebaseFirestoreCombine-Community */; };
		3C643F9B2DF731DC0027152B /* SQLite in Frameworks */ = {isa = PBXBuildFile; productRef = 3C643F9A2DF731DC0027152B /* SQLite */; };
		3CD352732DF733FD00472FD1 /* FirebaseAuth in Frameworks */ = {isa = PBXBuildFile; productRef = 3CD352722DF733FD00472FD1 /* FirebaseAuth */; };
		3CD352752DF733FD00472FD1 /* FirebaseAuthCombine-Community in Frameworks */ = {isa = PBXBuildFile; productRef = 3CD352742DF733FD00472FD1 /* FirebaseAuthCombine-Community */; };
/* End PBXBuildFile section */

/* Begin PBXFileReference section */
		3C3A476E2DF6AD41008F8D28 /* LoveMusic.app */ = {isa = PBXFileReference; explicitFileType = wrapper.application; includeInIndex = 0; path = LoveMusic.app; sourceTree = BUILT_PRODUCTS_DIR; };
		3C643F8B2DF7265F0027152B /* firebase-ios-sdk */ = {isa = PBXFileReference; lastKnownFileType = wrapper; path = "firebase-ios-sdk"; sourceTree = "<group>"; };
		3C643F932DF72A7A0027152B /* libsqlite3.0.tbd */ = {isa = PBXFileReference; lastKnownFileType = "sourcecode.text-based-dylib-definition"; name = libsqlite3.0.tbd; path = usr/lib/libsqlite3.0.tbd; sourceTree = SDKROOT; };
		3C643F982DF7316D0027152B /* libsqlite3.tbd */ = {isa = PBXFileReference; lastKnownFileType = "sourcecode.text-based-dylib-definition"; name = libsqlite3.tbd; path = usr/lib/libsqlite3.tbd; sourceTree = SDKROOT; };
/* End PBXFileReference section */

/* Begin PBXFileSystemSynchronizedRootGroup section */
		3C3A47702DF6AD41008F8D28 /* LoveMusic */ = {
			isa = PBXFileSystemSynchronizedRootGroup;
			path = LoveMusic;
			sourceTree = "<group>";
		};
/* End PBXFileSystemSynchronizedRootGroup section */

/* Begin PBXFrameworksBuildPhase section */
		3C3A476B2DF6AD41008F8D28 /* Frameworks */ = {
			isa = PBXFrameworksBuildPhase;
			buildActionMask = 2147483647;
			files = (
				3C643F9B2DF731DC0027152B /* SQLite in Frameworks */,
				3CD352732DF733FD00472FD1 /* FirebaseAuth in Frameworks */,
				3C643F922DF72A030027152B /* FirebaseFirestoreCombine-Community in Frameworks */,
				3C643F8E2DF7299B0027152B /* FirebaseCore in Frameworks */,
				3CD352752DF733FD00472FD1 /* FirebaseAuthCombine-Community in Frameworks */,
				3C643F902DF72A030027152B /* FirebaseFirestore in Frameworks */,
			);
			runOnlyForDeploymentPostprocessing = 0;
		};
/* End PBXFrameworksBuildPhase section */

/* Begin PBXGroup section */
		3C3A47652DF6AD41008F8D28 = {
			isa = PBXGroup;
			children = (
				3C3A47702DF6AD41008F8D28 /* LoveMusic */,
				3C643F8A2DF7265E0027152B /* Frameworks */,
				3C3A476F2DF6AD41008F8D28 /* Products */,
			);
			sourceTree = "<group>";
		};
		3C3A476F2DF6AD41008F8D28 /* Products */ = {
			isa = PBXGroup;
			children = (
				3C3A476E2DF6AD41008F8D28 /* LoveMusic.app */,
			);
			name = Products;
			sourceTree = "<group>";
		};
		3C643F8A2DF7265E0027152B /* Frameworks */ = {
			isa = PBXGroup;
			children = (
				3C643F982DF7316D0027152B /* libsqlite3.tbd */,
				3C643F932DF72A7A0027152B /* libsqlite3.0.tbd */,
				3C643F8B2DF7265F0027152B /* firebase-ios-sdk */,
			);
			name = Frameworks;
			sourceTree = "<group>";
		};
/* End PBXGroup section */

/* Begin PBXNativeTarget section */
		3C3A476D2DF6AD41008F8D28 /* LoveMusic */ = {
			isa = PBXNativeTarget;
			buildConfigurationList = 3C3A477C2DF6AD43008F8D28 /* Build configuration list for PBXNativeTarget "LoveMusic" */;
			buildPhases = (
				3C3A476A2DF6AD41008F8D28 /* Sources */,
				3C3A476B2DF6AD41008F8D28 /* Frameworks */,
				3C3A476C2DF6AD41008F8D28 /* Resources */,
			);
			buildRules = (
			);
			dependencies = (
			);
			fileSystemSynchronizedGroups = (
				3C3A47702DF6AD41008F8D28 /* LoveMusic */,
			);
			name = LoveMusic;
			packageProductDependencies = (
				3C643F8D2DF7299B0027152B /* FirebaseCore */,
				3C643F8F2DF72A030027152B /* FirebaseFirestore */,
				3C643F912DF72A030027152B /* FirebaseFirestoreCombine-Community */,
				3C643F9A2DF731DC0027152B /* SQLite */,
				3CD352722DF733FD00472FD1 /* FirebaseAuth */,
				3CD352742DF733FD00472FD1 /* FirebaseAuthCombine-Community */,
			);
			productName = LoveMusic;
			productReference = 3C3A476E2DF6AD41008F8D28 /* LoveMusic.app */;
			productType = "com.apple.product-type.application";
		};
/* End PBXNativeTarget section */

/* Begin PBXProject section */
		3C3A47662DF6AD41008F8D28 /* Project object */ = {
			isa = PBXProject;
			attributes = {
				BuildIndependentTargetsInParallel = 1;
				LastSwiftUpdateCheck = 1620;
				LastUpgradeCheck = 1620;
				TargetAttributes = {
					3C3A476D2DF6AD41008F8D28 = {
						CreatedOnToolsVersion = 16.2;
					};
				};
			};
			buildConfigurationList = 3C3A47692DF6AD41008F8D28 /* Build configuration list for PBXProject "LoveMusic" */;
			developmentRegion = en;
			hasScannedForEncodings = 0;
			knownRegions = (
				en,
				Base,
			);
			mainGroup = 3C3A47652DF6AD41008F8D28;
			minimizedProjectReferenceProxies = 1;
			packageReferences = (
				3C643F8C2DF726C80027152B /* XCLocalSwiftPackageReference "firebase-ios-sdk" */,
				3C643F992DF731DC0027152B /* XCRemoteSwiftPackageReference "SQLite" */,
			);
			preferredProjectObjectVersion = 77;
			productRefGroup = 3C3A476F2DF6AD41008F8D28 /* Products */;
			projectDirPath = "";
			projectRoot = "";
			targets = (
				3C3A476D2DF6AD41008F8D28 /* LoveMusic */,
			);
		};
/* End PBXProject section */

/* Begin PBXResourcesBuildPhase section */
		3C3A476C2DF6AD41008F8D28 /* Resources */ = {
			isa = PBXResourcesBuildPhase;
			buildActionMask = 2147483647;
			files = (
			);
			runOnlyForDeploymentPostprocessing = 0;
		};
/* End PBXResourcesBuildPhase section */

/* Begin PBXSourcesBuildPhase section */
		3C3A476A2DF6AD41008F8D28 /* Sources */ = {
			isa = PBXSourcesBuildPhase;
			buildActionMask = 2147483647;
			files = (
			);
			runOnlyForDeploymentPostprocessing = 0;
		};
/* End PBXSourcesBuildPhase section */

/* Begin XCBuildConfiguration section */
		3C3A477A2DF6AD43008F8D28 /* Debug */ = {
			isa = XCBuildConfiguration;
			buildSettings = {
				ALWAYS_SEARCH_USER_PATHS = NO;
				ASSETCATALOG_COMPILER_GENERATE_SWIFT_ASSET_SYMBOL_EXTENSIONS = YES;
				CLANG_ANALYZER_NONNULL = YES;
				CLANG_ANALYZER_NUMBER_OBJECT_CONVERSION = YES_AGGRESSIVE;
				CLANG_CXX_LANGUAGE_STANDARD = "gnu++20";
				CLANG_ENABLE_MODULES = YES;
				CLANG_ENABLE_OBJC_ARC = YES;
				CLANG_ENABLE_OBJC_WEAK = YES;
				CLANG_WARN_BLOCK_CAPTURE_AUTORELEASING = YES;
				CLANG_WARN_BOOL_CONVERSION = YES;
				CLANG_WARN_COMMA = YES;
				CLANG_WARN_CONSTANT_CONVERSION = YES;
				CLANG_WARN_DEPRECATED_OBJC_IMPLEMENTATIONS = YES;
				CLANG_WARN_DIRECT_OBJC_ISA_USAGE = YES_ERROR;
				CLANG_WARN_DOCUMENTATION_COMMENTS = YES;
				CLANG_WARN_EMPTY_BODY = YES;
				CLANG_WARN_ENUM_CONVERSION = YES;
				CLANG_WARN_INFINITE_RECURSION = YES;
				CLANG_WARN_INT_CONVERSION = YES;
				CLANG_WARN_NON_LITERAL_NULL_CONVERSION = YES;
				CLANG_WARN_OBJC_IMPLICIT_RETAIN_SELF = YES;
				CLANG_WARN_OBJC_LITERAL_CONVERSION = YES;
				CLANG_WARN_OBJC_ROOT_CLASS = YES_ERROR;
				CLANG_WARN_QUOTED_INCLUDE_IN_FRAMEWORK_HEADER = YES;
				CLANG_WARN_RANGE_LOOP_ANALYSIS = YES;
				CLANG_WARN_STRICT_PROTOTYPES = YES;
				CLANG_WARN_SUSPICIOUS_MOVE = YES;
				CLANG_WARN_UNGUARDED_AVAILABILITY = YES_AGGRESSIVE;
				CLANG_WARN_UNREACHABLE_CODE = YES;
				CLANG_WARN__DUPLICATE_METHOD_MATCH = YES;
				COPY_PHASE_STRIP = NO;
				DEBUG_INFORMATION_FORMAT = dwarf;
				ENABLE_STRICT_OBJC_MSGSEND = YES;
				ENABLE_TESTABILITY = YES;
				ENABLE_USER_SCRIPT_SANDBOXING = YES;
				GCC_C_LANGUAGE_STANDARD = gnu17;
				GCC_DYNAMIC_NO_PIC = NO;
				GCC_NO_COMMON_BLOCKS = YES;
				GCC_OPTIMIZATION_LEVEL = 0;
				GCC_PREPROCESSOR_DEFINITIONS = (
					"DEBUG=1",
					"$(inherited)",
				);
				GCC_WARN_64_TO_32_BIT_CONVERSION = YES;
				GCC_WARN_ABOUT_RETURN_TYPE = YES_ERROR;
				GCC_WARN_UNDECLARED_SELECTOR = YES;
				GCC_WARN_UNINITIALIZED_AUTOS = YES_AGGRESSIVE;
				GCC_WARN_UNUSED_FUNCTION = YES;
				GCC_WARN_UNUSED_VARIABLE = YES;
				IPHONEOS_DEPLOYMENT_TARGET = 18.2;
				LOCALIZATION_PREFERS_STRING_CATALOGS = YES;
				MTL_ENABLE_DEBUG_INFO = INCLUDE_SOURCE;
				MTL_FAST_MATH = YES;
				ONLY_ACTIVE_ARCH = YES;
				SDKROOT = iphoneos;
				SWIFT_ACTIVE_COMPILATION_CONDITIONS = "DEBUG $(inherited)";
				SWIFT_OPTIMIZATION_LEVEL = "-Onone";
			};
			name = Debug;
		};
		3C3A477B2DF6AD43008F8D28 /* Release */ = {
			isa = XCBuildConfiguration;
			buildSettings = {
				ALWAYS_SEARCH_USER_PATHS = NO;
				ASSETCATALOG_COMPILER_GENERATE_SWIFT_ASSET_SYMBOL_EXTENSIONS = YES;
				CLANG_ANALYZER_NONNULL = YES;
				CLANG_ANALYZER_NUMBER_OBJECT_CONVERSION = YES_AGGRESSIVE;
				CLANG_CXX_LANGUAGE_STANDARD = "gnu++20";
				CLANG_ENABLE_MODULES = YES;
				CLANG_ENABLE_OBJC_ARC = YES;
				CLANG_ENABLE_OBJC_WEAK = YES;
				CLANG_WARN_BLOCK_CAPTURE_AUTORELEASING = YES;
				CLANG_WARN_BOOL_CONVERSION = YES;
				CLANG_WARN_COMMA = YES;
				CLANG_WARN_CONSTANT_CONVERSION = YES;
				CLANG_WARN_DEPRECATED_OBJC_IMPLEMENTATIONS = YES;
				CLANG_WARN_DIRECT_OBJC_ISA_USAGE = YES_ERROR;
				CLANG_WARN_DOCUMENTATION_COMMENTS = YES;
				CLANG_WARN_EMPTY_BODY = YES;
				CLANG_WARN_ENUM_CONVERSION = YES;
				CLANG_WARN_INFINITE_RECURSION = YES;
				CLANG_WARN_INT_CONVERSION = YES;
				CLANG_WARN_NON_LITERAL_NULL_CONVERSION = YES;
				CLANG_WARN_OBJC_IMPLICIT_RETAIN_SELF = YES;
				CLANG_WARN_OBJC_LITERAL_CONVERSION = YES;
				CLANG_WARN_OBJC_ROOT_CLASS = YES_ERROR;
				CLANG_WARN_QUOTED_INCLUDE_IN_FRAMEWORK_HEADER = YES;
				CLANG_WARN_RANGE_LOOP_ANALYSIS = YES;
				CLANG_WARN_STRICT_PROTOTYPES = YES;
				CLANG_WARN_SUSPICIOUS_MOVE = YES;
				CLANG_WARN_UNGUARDED_AVAILABILITY = YES_AGGRESSIVE;
				CLANG_WARN_UNREACHABLE_CODE = YES;
				CLANG_WARN__DUPLICATE_METHOD_MATCH = YES;
				COPY_PHASE_STRIP = NO;
				DEBUG_INFORMATION_FORMAT = "dwarf-with-dsym";
				ENABLE_NS_ASSERTIONS = NO;
				ENABLE_STRICT_OBJC_MSGSEND = YES;
				ENABLE_USER_SCRIPT_SANDBOXING = YES;
				GCC_C_LANGUAGE_STANDARD = gnu17;
				GCC_NO_COMMON_BLOCKS = YES;
				GCC_WARN_64_TO_32_BIT_CONVERSION = YES;
				GCC_WARN_ABOUT_RETURN_TYPE = YES_ERROR;
				GCC_WARN_UNDECLARED_SELECTOR = YES;
				GCC_WARN_UNINITIALIZED_AUTOS = YES_AGGRESSIVE;
				GCC_WARN_UNUSED_FUNCTION = YES;
				GCC_WARN_UNUSED_VARIABLE = YES;
				IPHONEOS_DEPLOYMENT_TARGET = 18.2;
				LOCALIZATION_PREFERS_STRING_CATALOGS = YES;
				MTL_ENABLE_DEBUG_INFO = NO;
				MTL_FAST_MATH = YES;
				SDKROOT = iphoneos;
				SWIFT_COMPILATION_MODE = wholemodule;
				VALIDATE_PRODUCT = YES;
			};
			name = Release;
		};
		3C3A477D2DF6AD43008F8D28 /* Debug */ = {
			isa = XCBuildConfiguration;
			buildSettings = {
				ASSETCATALOG_COMPILER_APPICON_NAME = AppIcon;
				ASSETCATALOG_COMPILER_GLOBAL_ACCENT_COLOR_NAME = AccentColor;
				CODE_SIGN_STYLE = Automatic;
				CURRENT_PROJECT_VERSION = 1;
				DEVELOPMENT_ASSET_PATHS = "\"LoveMusic/Preview Content\"";
				DEVELOPMENT_TEAM = V354846242;
				ENABLE_PREVIEWS = YES;
				GENERATE_INFOPLIST_FILE = YES;
				INFOPLIST_KEY_UIApplicationSceneManifest_Generation = YES;
				INFOPLIST_KEY_UIApplicationSupportsIndirectInputEvents = YES;
				INFOPLIST_KEY_UILaunchScreen_Generation = YES;
				INFOPLIST_KEY_UISupportedInterfaceOrientations_iPad = "UIInterfaceOrientationPortrait UIInterfaceOrientationPortraitUpsideDown UIInterfaceOrientationLandscapeLeft UIInterfaceOrientationLandscapeRight";
				INFOPLIST_KEY_UISupportedInterfaceOrientations_iPhone = "UIInterfaceOrientationPortrait UIInterfaceOrientationLandscapeLeft UIInterfaceOrientationLandscapeRight";
				LD_RUNPATH_SEARCH_PATHS = (
					"$(inherited)",
					"@executable_path/Frameworks",
				);
				MARKETING_VERSION = 1.0;
				PRODUCT_BUNDLE_IDENTIFIER = teclaguna.LoveMusic;
				PRODUCT_NAME = "$(TARGET_NAME)";
				SWIFT_EMIT_LOC_STRINGS = YES;
				SWIFT_VERSION = 5.0;
				TARGETED_DEVICE_FAMILY = "1,2";
			};
			name = Debug;
		};
		3C3A477E2DF6AD43008F8D28 /* Release */ = {
			isa = XCBuildConfiguration;
			buildSettings = {
				ASSETCATALOG_COMPILER_APPICON_NAME = AppIcon;
				ASSETCATALOG_COMPILER_GLOBAL_ACCENT_COLOR_NAME = AccentColor;
				CODE_SIGN_STYLE = Automatic;
				CURRENT_PROJECT_VERSION = 1;
				DEVELOPMENT_ASSET_PATHS = "\"LoveMusic/Preview Content\"";
				DEVELOPMENT_TEAM = V354846242;
				ENABLE_PREVIEWS = YES;
				GENERATE_INFOPLIST_FILE = YES;
				INFOPLIST_KEY_UIApplicationSceneManifest_Generation = YES;
				INFOPLIST_KEY_UIApplicationSupportsIndirectInputEvents = YES;
				INFOPLIST_KEY_UILaunchScreen_Generation = YES;
				INFOPLIST_KEY_UISupportedInterfaceOrientations_iPad = "UIInterfaceOrientationPortrait UIInterfaceOrientationPortraitUpsideDown UIInterfaceOrientationLandscapeLeft UIInterfaceOrientationLandscapeRight";
				INFOPLIST_KEY_UISupportedInterfaceOrientations_iPhone = "UIInterfaceOrientationPortrait UIInterfaceOrientationLandscapeLeft UIInterfaceOrientationLandscapeRight";
				LD_RUNPATH_SEARCH_PATHS = (
					"$(inherited)",
					"@executable_path/Frameworks",
				);
				MARKETING_VERSION = 1.0;
				PRODUCT_BUNDLE_IDENTIFIER = teclaguna.LoveMusic;
				PRODUCT_NAME = "$(TARGET_NAME)";
				SWIFT_EMIT_LOC_STRINGS = YES;
				SWIFT_VERSION = 5.0;
				TARGETED_DEVICE_FAMILY = "1,2";
			};
			name = Release;
		};
/* End XCBuildConfiguration section */

/* Begin XCConfigurationList section */
		3C3A47692DF6AD41008F8D28 /* Build configuration list for PBXProject "LoveMusic" */ = {
			isa = XCConfigurationList;
			buildConfigurations = (
				3C3A477A2DF6AD43008F8D28 /* Debug */,
				3C3A477B2DF6AD43008F8D28 /* Release */,
			);
			defaultConfigurationIsVisible = 0;
			defaultConfigurationName = Release;
		};
		3C3A477C2DF6AD43008F8D28 /* Build configuration list for PBXNativeTarget "LoveMusic" */ = {
			isa = XCConfigurationList;
			buildConfigurations = (
				3C3A477D2DF6AD43008F8D28 /* Debug */,
				3C3A477E2DF6AD43008F8D28 /* Release */,
			);
			defaultConfigurationIsVisible = 0;
			defaultConfigurationName = Release;
		};
/* End XCConfigurationList section */

/* Begin XCLocalSwiftPackageReference section */
		3C643F8C2DF726C80027152B /* XCLocalSwiftPackageReference "firebase-ios-sdk" */ = {
			isa = XCLocalSwiftPackageReference;
			relativePath = "firebase-ios-sdk";
		};
/* End XCLocalSwiftPackageReference section */

/* Begin XCRemoteSwiftPackageReference section */
		3C643F992DF731DC0027152B /* XCRemoteSwiftPackageReference "SQLite" */ = {
			isa = XCRemoteSwiftPackageReference;
			repositoryURL = "https://github.com/stephencelis/SQLite.swift";
			requirement = {
				kind = upToNextMajorVersion;
				minimumVersion = 0.15.3;
			};
		};
/* End XCRemoteSwiftPackageReference section */

/* Begin XCSwiftPackageProductDependency section */
		3C643F8D2DF7299B0027152B /* FirebaseCore */ = {
			isa = XCSwiftPackageProductDependency;
			package = 3C643F8C2DF726C80027152B /* XCLocalSwiftPackageReference "firebase-ios-sdk" */;
			productName = FirebaseCore;
		};
		3C643F8F2DF72A030027152B /* FirebaseFirestore */ = {
			isa = XCSwiftPackageProductDependency;
			productName = FirebaseFirestore;
		};
		3C643F912DF72A030027152B /* FirebaseFirestoreCombine-Community */ = {
			isa = XCSwiftPackageProductDependency;
			productName = "FirebaseFirestoreCombine-Community";
		};
		3C643F9A2DF731DC0027152B /* SQLite */ = {
			isa = XCSwiftPackageProductDependency;
			package = 3C643F992DF731DC0027152B /* XCRemoteSwiftPackageReference "SQLite" */;
			productName = SQLite;
		};
		3CD352722DF733FD00472FD1 /* FirebaseAuth */ = {
			isa = XCSwiftPackageProductDependency;
			productName = FirebaseAuth;
		};
		3CD352742DF733FD00472FD1 /* FirebaseAuthCombine-Community */ = {
			isa = XCSwiftPackageProductDependency;
			productName = "FirebaseAuthCombine-Community";
		};
/* End XCSwiftPackageProductDependency section */
	};
	rootObject = 3C3A47662DF6AD41008F8D28 /* Project object */;
}
